// !$*UTF8*$!
{
	archiveVersion = 1;
	classes = {
	};
	objectVersion = 55;
	objects = {

/* Begin PBXBuildFile section */
		934D0A0E281FE75200D8059B /* OurWebVIew.docc in Sources */ = {isa = PBXBuildFile; fileRef = 934D0A0D281FE75200D8059B /* OurWebVIew.docc */; };
		934D0A14281FE75300D8059B /* OurWebVIew.framework in Frameworks */ = {isa = PBXBuildFile; fileRef = 934D0A09281FE75200D8059B /* OurWebVIew.framework */; };
		934D0A19281FE75300D8059B /* OurWebVIewTests.swift in Sources */ = {isa = PBXBuildFile; fileRef = 934D0A18281FE75300D8059B /* OurWebVIewTests.swift */; };
		934D0A1A281FE75300D8059B /* OurWebVIew.h in Headers */ = {isa = PBXBuildFile; fileRef = 934D0A0C281FE75200D8059B /* OurWebVIew.h */; settings = {ATTRIBUTES = (Public, ); }; };
/* End PBXBuildFile section */

/* Begin PBXContainerItemProxy section */
		934D0A15281FE75300D8059B /* PBXContainerItemProxy */ = {
			isa = PBXContainerItemProxy;
			containerPortal = 934D0A00281FE75200D8059B /* Project object */;
			proxyType = 1;
			remoteGlobalIDString = 934D0A08281FE75200D8059B;
			remoteInfo = OurWebVIew;
		};
/* End PBXContainerItemProxy section */

/* Begin PBXFileReference section */
		934D0A09281FE75200D8059B /* OurWebVIew.framework */ = {isa = PBXFileReference; explicitFileType = wrapper.framework; includeInIndex = 0; path = OurWebVIew.framework; sourceTree = BUILT_PRODUCTS_DIR; };
		934D0A0C281FE75200D8059B /* OurWebVIew.h */ = {isa = PBXFileReference; lastKnownFileType = sourcecode.c.h; path = OurWebVIew.h; sourceTree = "<group>"; };
		934D0A0D281FE75200D8059B /* OurWebVIew.docc */ = {isa = PBXFileReference; lastKnownFileType = folder.documentationcatalog; path = OurWebVIew.docc; sourceTree = "<group>"; };
		934D0A13281FE75300D8059B /* OurWebVIewTests.xctest */ = {isa = PBXFileReference; explicitFileType = wrapper.cfbundle; includeInIndex = 0; path = OurWebVIewTests.xctest; sourceTree = BUILT_PRODUCTS_DIR; };
		934D0A18281FE75300D8059B /* OurWebVIewTests.swift */ = {isa = PBXFileReference; lastKnownFileType = sourcecode.swift; path = OurWebVIewTests.swift; sourceTree = "<group>"; };
/* End PBXFileReference section */

/* Begin PBXFrameworksBuildPhase section */
		934D0A06281FE75200D8059B /* Frameworks */ = {
			isa = PBXFrameworksBuildPhase;
			buildActionMask = 2147483647;
			files = (
			);
			runOnlyForDeploymentPostprocessing = 0;
		};
		934D0A10281FE75300D8059B /* Frameworks */ = {
			isa = PBXFrameworksBuildPhase;
			buildActionMask = 2147483647;
			files = (
				934D0A14281FE75300D8059B /* OurWebVIew.framework in Frameworks */,
			);
			runOnlyForDeploymentPostprocessing = 0;
		};
/* End PBXFrameworksBuildPhase section */

/* Begin PBXGroup section */
		934D09FF281FE75200D8059B = {
			isa = PBXGroup;
			children = (
				934D0A0B281FE75200D8059B /* OurWebVIew */,
				934D0A17281FE75300D8059B /* OurWebVIewTests */,
				934D0A0A281FE75200D8059B /* Products */,
			);
			sourceTree = "<group>";
		};
		934D0A0A281FE75200D8059B /* Products */ = {
			isa = PBXGroup;
			children = (
				934D0A09281FE75200D8059B /* OurWebVIew.framework */,
				934D0A13281FE75300D8059B /* OurWebVIewTests.xctest */,
			);
			name = Products;
			sourceTree = "<group>";
		};
		934D0A0B281FE75200D8059B /* OurWebVIew */ = {
			isa = PBXGroup;
			children = (
				934D0A0C281FE75200D8059B /* OurWebVIew.h */,
				934D0A0D281FE75200D8059B /* OurWebVIew.docc */,
			);
			path = OurWebVIew;
			sourceTree = "<group>";
		};
		934D0A17281FE75300D8059B /* OurWebVIewTests */ = {
			isa = PBXGroup;
			children = (
				934D0A18281FE75300D8059B /* OurWebVIewTests.swift */,
			);
			path = OurWebVIewTests;
			sourceTree = "<group>";
		};
/* End PBXGroup section */

/* Begin PBXHeadersBuildPhase section */
		934D0A04281FE75200D8059B /* Headers */ = {
			isa = PBXHeadersBuildPhase;
			buildActionMask = 2147483647;
			files = (
				934D0A1A281FE75300D8059B /* OurWebVIew.h in Headers */,
			);
			runOnlyForDeploymentPostprocessing = 0;
		};
/* End PBXHeadersBuildPhase section */

/* Begin PBXNativeTarget section */
		934D0A08281FE75200D8059B /* OurWebVIew */ = {
			isa = PBXNativeTarget;
			buildConfigurationList = 934D0A1D281FE75300D8059B /* Build configuration list for PBXNativeTarget "OurWebVIew" */;
			buildPhases = (
				934D0A04281FE75200D8059B /* Headers */,
				934D0A05281FE75200D8059B /* Sources */,
				934D0A06281FE75200D8059B /* Frameworks */,
				934D0A07281FE75200D8059B /* Resources */,
			);
			buildRules = (
			);
			dependencies = (
			);
			name = OurWebVIew;
			productName = OurWebVIew;
			productReference = 934D0A09281FE75200D8059B /* OurWebVIew.framework */;
			productType = "com.apple.product-type.framework";
		};
		934D0A12281FE75300D8059B /* OurWebVIewTests */ = {
			isa = PBXNativeTarget;
			buildConfigurationList = 934D0A20281FE75300D8059B /* Build configuration list for PBXNativeTarget "OurWebVIewTests" */;
			buildPhases = (
				934D0A0F281FE75300D8059B /* Sources */,
				934D0A10281FE75300D8059B /* Frameworks */,
				934D0A11281FE75300D8059B /* Resources */,
			);
			buildRules = (
			);
			dependencies = (
				934D0A16281FE75300D8059B /* PBXTargetDependency */,
			);
			name = OurWebVIewTests;
			productName = OurWebVIewTests;
			productReference = 934D0A13281FE75300D8059B /* OurWebVIewTests.xctest */;
			productType = "com.apple.product-type.bundle.unit-test";
		};
/* End PBXNativeTarget section */

/* Begin PBXProject section */
		934D0A00281FE75200D8059B /* Project object */ = {
			isa = PBXProject;
			attributes = {
				BuildIndependentTargetsInParallel = 1;
				LastSwiftUpdateCheck = 1330;
				LastUpgradeCheck = 1330;
				TargetAttributes = {
					934D0A08281FE75200D8059B = {
						CreatedOnToolsVersion = 13.3.1;
					};
					934D0A12281FE75300D8059B = {
						CreatedOnToolsVersion = 13.3.1;
					};
				};
			};
			buildConfigurationList = 934D0A03281FE75200D8059B /* Build configuration list for PBXProject "OurWebVIew" */;
			compatibilityVersion = "Xcode 13.0";
			developmentRegion = en;
			hasScannedForEncodings = 0;
			knownRegions = (
				en,
				Base,
			);
			mainGroup = 934D09FF281FE75200D8059B;
			productRefGroup = 934D0A0A281FE75200D8059B /* Products */;
			projectDirPath = "";
			projectRoot = "";
			targets = (
				934D0A08281FE75200D8059B /* OurWebVIew */,
				934D0A12281FE75300D8059B /* OurWebVIewTests */,
			);
		};
/* End PBXProject section */

/* Begin PBXResourcesBuildPhase section */
		934D0A07281FE75200D8059B /* Resources */ = {
			isa = PBXResourcesBuildPhase;
			buildActionMask = 2147483647;
			files = (
			);
			runOnlyForDeploymentPostprocessing = 0;
		};
		934D0A11281FE75300D8059B /* Resources */ = {
			isa = PBXResourcesBuildPhase;
			buildActionMask = 2147483647;
			files = (
			);
			runOnlyForDeploymentPostprocessing = 0;
		};
/* End PBXResourcesBuildPhase section */

/* Begin PBXSourcesBuildPhase section */
		934D0A05281FE75200D8059B /* Sources */ = {
			isa = PBXSourcesBuildPhase;
			buildActionMask = 2147483647;
			files = (
				934D0A0E281FE75200D8059B /* OurWebVIew.docc in Sources */,
			);
			runOnlyForDeploymentPostprocessing = 0;
		};
		934D0A0F281FE75300D8059B /* Sources */ = {
			isa = PBXSourcesBuildPhase;
			buildActionMask = 2147483647;
			files = (
				934D0A19281FE75300D8059B /* OurWebVIewTests.swift in Sources */,
			);
			runOnlyForDeploymentPostprocessing = 0;
		};
/* End PBXSourcesBuildPhase section */

/* Begin PBXTargetDependency section */
		934D0A16281FE75300D8059B /* PBXTargetDependency */ = {
			isa = PBXTargetDependency;
			target = 934D0A08281FE75200D8059B /* OurWebVIew */;
			targetProxy = 934D0A15281FE75300D8059B /* PBXContainerItemProxy */;
		};
/* End PBXTargetDependency section */

/* Begin XCBuildConfiguration section */
		934D0A1B281FE75300D8059B /* Debug */ = {
			isa = XCBuildConfiguration;
			buildSettings = {
				ALWAYS_SEARCH_USER_PATHS = NO;
				CLANG_ANALYZER_NONNULL = YES;
				CLANG_ANALYZER_NUMBER_OBJECT_CONVERSION = YES_AGGRESSIVE;
				CLANG_CXX_LANGUAGE_STANDARD = "gnu++17";
				CLANG_ENABLE_MODULES = YES;
				CLANG_ENABLE_OBJC_ARC = YES;
				CLANG_ENABLE_OBJC_WEAK = YES;
				CLANG_WARN_BLOCK_CAPTURE_AUTORELEASING = YES;
				CLANG_WARN_BOOL_CONVERSION = YES;
				CLANG_WARN_COMMA = YES;
				CLANG_WARN_CONSTANT_CONVERSION = YES;
				CLANG_WARN_DEPRECATED_OBJC_IMPLEMENTATIONS = YES;
				CLANG_WARN_DIRECT_OBJC_ISA_USAGE = YES_ERROR;
				CLANG_WARN_DOCUMENTATION_COMMENTS = YES;
				CLANG_WARN_EMPTY_BODY = YES;
				CLANG_WARN_ENUM_CONVERSION = YES;
				CLANG_WARN_INFINITE_RECURSION = YES;
				CLANG_WARN_INT_CONVERSION = YES;
				CLANG_WARN_NON_LITERAL_NULL_CONVERSION = YES;
				CLANG_WARN_OBJC_IMPLICIT_RETAIN_SELF = YES;
				CLANG_WARN_OBJC_LITERAL_CONVERSION = YES;
				CLANG_WARN_OBJC_ROOT_CLASS = YES_ERROR;
				CLANG_WARN_QUOTED_INCLUDE_IN_FRAMEWORK_HEADER = YES;
				CLANG_WARN_RANGE_LOOP_ANALYSIS = YES;
				CLANG_WARN_STRICT_PROTOTYPES = YES;
				CLANG_WARN_SUSPICIOUS_MOVE = YES;
				CLANG_WARN_UNGUARDED_AVAILABILITY = YES_AGGRESSIVE;
				CLANG_WARN_UNREACHABLE_CODE = YES;
				CLANG_WARN__DUPLICATE_METHOD_MATCH = YES;
				COPY_PHASE_STRIP = NO;
				CURRENT_PROJECT_VERSION = 1;
				DEBUG_INFORMATION_FORMAT = dwarf;
				ENABLE_STRICT_OBJC_MSGSEND = YES;
				ENABLE_TESTABILITY = YES;
				GCC_C_LANGUAGE_STANDARD = gnu11;
				GCC_DYNAMIC_NO_PIC = NO;
				GCC_NO_COMMON_BLOCKS = YES;
				GCC_OPTIMIZATION_LEVEL = 0;
				GCC_PREPROCESSOR_DEFINITIONS = (
					"DEBUG=1",
					"$(inherited)",
				);
				GCC_WARN_64_TO_32_BIT_CONVERSION = YES;
				GCC_WARN_ABOUT_RETURN_TYPE = YES_ERROR;
				GCC_WARN_UNDECLARED_SELECTOR = YES;
				GCC_WARN_UNINITIALIZED_AUTOS = YES_AGGRESSIVE;
				GCC_WARN_UNUSED_FUNCTION = YES;
				GCC_WARN_UNUSED_VARIABLE = YES;
				IPHONEOS_DEPLOYMENT_TARGET = 15.4;
				MTL_ENABLE_DEBUG_INFO = INCLUDE_SOURCE;
				MTL_FAST_MATH = YES;
				ONLY_ACTIVE_ARCH = YES;
				SDKROOT = iphoneos;
				SWIFT_ACTIVE_COMPILATION_CONDITIONS = DEBUG;
				SWIFT_OPTIMIZATION_LEVEL = "-Onone";
				VERSIONING_SYSTEM = "apple-generic";
				VERSION_INFO_PREFIX = "";
			};
			name = Debug;
		};
		934D0A1C281FE75300D8059B /* Release */ = {
			isa = XCBuildConfiguration;
			buildSettings = {
				ALWAYS_SEARCH_USER_PATHS = NO;
				CLANG_ANALYZER_NONNULL = YES;
				CLANG_ANALYZER_NUMBER_OBJECT_CONVERSION = YES_AGGRESSIVE;
				CLANG_CXX_LANGUAGE_STANDARD = "gnu++17";
				CLANG_ENABLE_MODULES = YES;
				CLANG_ENABLE_OBJC_ARC = YES;
				CLANG_ENABLE_OBJC_WEAK = YES;
				CLANG_WARN_BLOCK_CAPTURE_AUTORELEASING = YES;
				CLANG_WARN_BOOL_CONVERSION = YES;
				CLANG_WARN_COMMA = YES;
				CLANG_WARN_CONSTANT_CONVERSION = YES;
				CLANG_WARN_DEPRECATED_OBJC_IMPLEMENTATIONS = YES;
				CLANG_WARN_DIRECT_OBJC_ISA_USAGE = YES_ERROR;
				CLANG_WARN_DOCUMENTATION_COMMENTS = YES;
				CLANG_WARN_EMPTY_BODY = YES;
				CLANG_WARN_ENUM_CONVERSION = YES;
				CLANG_WARN_INFINITE_RECURSION = YES;
				CLANG_WARN_INT_CONVERSION = YES;
				CLANG_WARN_NON_LITERAL_NULL_CONVERSION = YES;
				CLANG_WARN_OBJC_IMPLICIT_RETAIN_SELF = YES;
				CLANG_WARN_OBJC_LITERAL_CONVERSION = YES;
				CLANG_WARN_OBJC_ROOT_CLASS = YES_ERROR;
				CLANG_WARN_QUOTED_INCLUDE_IN_FRAMEWORK_HEADER = YES;
				CLANG_WARN_RANGE_LOOP_ANALYSIS = YES;
				CLANG_WARN_STRICT_PROTOTYPES = YES;
				CLANG_WARN_SUSPICIOUS_MOVE = YES;
				CLANG_WARN_UNGUARDED_AVAILABILITY = YES_AGGRESSIVE;
				CLANG_WARN_UNREACHABLE_CODE = YES;
				CLANG_WARN__DUPLICATE_METHOD_MATCH = YES;
				COPY_PHASE_STRIP = NO;
				CURRENT_PROJECT_VERSION = 1;
				DEBUG_INFORMATION_FORMAT = "dwarf-with-dsym";
				ENABLE_NS_ASSERTIONS = NO;
				ENABLE_STRICT_OBJC_MSGSEND = YES;
				GCC_C_LANGUAGE_STANDARD = gnu11;
				GCC_NO_COMMON_BLOCKS = YES;
				GCC_WARN_64_TO_32_BIT_CONVERSION = YES;
				GCC_WARN_ABOUT_RETURN_TYPE = YES_ERROR;
				GCC_WARN_UNDECLARED_SELECTOR = YES;
				GCC_WARN_UNINITIALIZED_AUTOS = YES_AGGRESSIVE;
				GCC_WARN_UNUSED_FUNCTION = YES;
				GCC_WARN_UNUSED_VARIABLE = YES;
				IPHONEOS_DEPLOYMENT_TARGET = 15.4;
				MTL_ENABLE_DEBUG_INFO = NO;
				MTL_FAST_MATH = YES;
				SDKROOT = iphoneos;
				SWIFT_COMPILATION_MODE = wholemodule;
				SWIFT_OPTIMIZATION_LEVEL = "-O";
				VALIDATE_PRODUCT = YES;
				VERSIONING_SYSTEM = "apple-generic";
				VERSION_INFO_PREFIX = "";
			};
			name = Release;
		};
		934D0A1E281FE75300D8059B /* Debug */ = {
			isa = XCBuildConfiguration;
			buildSettings = {
				CODE_SIGN_STYLE = Automatic;
				CURRENT_PROJECT_VERSION = 1;
				DEFINES_MODULE = YES;
				DEVELOPMENT_TEAM = 25BMKV4W8N;
				DYLIB_COMPATIBILITY_VERSION = 1;
				DYLIB_CURRENT_VERSION = 1;
				DYLIB_INSTALL_NAME_BASE = "@rpath";
				GENERATE_INFOPLIST_FILE = YES;
				INFOPLIST_KEY_NSHumanReadableCopyright = "";
				INSTALL_PATH = "$(LOCAL_LIBRARY_DIR)/Frameworks";
				LD_RUNPATH_SEARCH_PATHS = (
					"$(inherited)",
					"@executable_path/Frameworks",
					"@loader_path/Frameworks",
				);
				MARKETING_VERSION = 1.0;
				PRODUCT_BUNDLE_IDENTIFIER = com.niro.OurWebVIew;
				PRODUCT_NAME = "$(TARGET_NAME:c99extidentifier)";
				SKIP_INSTALL = YES;
				SWIFT_EMIT_LOC_STRINGS = YES;
				SWIFT_VERSION = 5.0;
				TARGETED_DEVICE_FAMILY = "1,2";
			};
			name = Debug;
		};
		934D0A1F281FE75300D8059B /* Release */ = {
			isa = XCBuildConfiguration;
			buildSettings = {
				CODE_SIGN_STYLE = Automatic;
				CURRENT_PROJECT_VERSION = 1;
				DEFINES_MODULE = YES;
				DEVELOPMENT_TEAM = 25BMKV4W8N;
				DYLIB_COMPATIBILITY_VERSION = 1;
				DYLIB_CURRENT_VERSION = 1;
				DYLIB_INSTALL_NAME_BASE = "@rpath";
				GENERATE_INFOPLIST_FILE = YES;
				INFOPLIST_KEY_NSHumanReadableCopyright = "";
				INSTALL_PATH = "$(LOCAL_LIBRARY_DIR)/Frameworks";
				LD_RUNPATH_SEARCH_PATHS = (
					"$(inherited)",
					"@executable_path/Frameworks",
					"@loader_path/Frameworks",
				);
				MARKETING_VERSION = 1.0;
				PRODUCT_BUNDLE_IDENTIFIER = com.niro.OurWebVIew;
				PRODUCT_NAME = "$(TARGET_NAME:c99extidentifier)";
				SKIP_INSTALL = YES;
				SWIFT_EMIT_LOC_STRINGS = YES;
				SWIFT_VERSION = 5.0;
				TARGETED_DEVICE_FAMILY = "1,2";
			};
			name = Release;
		};
		934D0A21281FE75300D8059B /* Debug */ = {
			isa = XCBuildConfiguration;
			buildSettings = {
				CODE_SIGN_STYLE = Automatic;
				CURRENT_PROJECT_VERSION = 1;
				DEVELOPMENT_TEAM = 25BMKV4W8N;
				GENERATE_INFOPLIST_FILE = YES;
				MARKETING_VERSION = 1.0;
				PRODUCT_BUNDLE_IDENTIFIER = com.niro.OurWebVIewTests;
				PRODUCT_NAME = "$(TARGET_NAME)";
				SWIFT_EMIT_LOC_STRINGS = NO;
				SWIFT_VERSION = 5.0;
				TARGETED_DEVICE_FAMILY = "1,2";
			};
			name = Debug;
		};
		934D0A22281FE75300D8059B /* Release */ = {
			isa = XCBuildConfiguration;
			buildSettings = {
				CODE_SIGN_STYLE = Automatic;
				CURRENT_PROJECT_VERSION = 1;
				DEVELOPMENT_TEAM = 25BMKV4W8N;
				GENERATE_INFOPLIST_FILE = YES;
				MARKETING_VERSION = 1.0;
				PRODUCT_BUNDLE_IDENTIFIER = com.niro.OurWebVIewTests;
				PRODUCT_NAME = "$(TARGET_NAME)";
				SWIFT_EMIT_LOC_STRINGS = NO;
				SWIFT_VERSION = 5.0;
				TARGETED_DEVICE_FAMILY = "1,2";
			};
			name = Release;
		};
/* End XCBuildConfiguration section */

/* Begin XCConfigurationList section */
		934D0A03281FE75200D8059B /* Build configuration list for PBXProject "OurWebVIew" */ = {
			isa = XCConfigurationList;
			buildConfigurations = (
				934D0A1B281FE75300D8059B /* Debug */,
				934D0A1C281FE75300D8059B /* Release */,
			);
			defaultConfigurationIsVisible = 0;
			defaultConfigurationName = Release;
		};
		934D0A1D281FE75300D8059B /* Build configuration list for PBXNativeTarget "OurWebVIew" */ = {
			isa = XCConfigurationList;
			buildConfigurations = (
				934D0A1E281FE75300D8059B /* Debug */,
				934D0A1F281FE75300D8059B /* Release */,
			);
			defaultConfigurationIsVisible = 0;
			defaultConfigurationName = Release;
		};
		934D0A20281FE75300D8059B /* Build configuration list for PBXNativeTarget "OurWebVIewTests" */ = {
			isa = XCConfigurationList;
			buildConfigurations = (
				934D0A21281FE75300D8059B /* Debug */,
				934D0A22281FE75300D8059B /* Release */,
			);
			defaultConfigurationIsVisible = 0;
			defaultConfigurationName = Release;
		};
/* End XCConfigurationList section */
	};
	rootObject = 934D0A00281FE75200D8059B /* Project object */;
}
